// !$*UTF8*$!
{
	archiveVersion = 1;
	classes = {
	};
	objectVersion = 50;
	objects = {

/* Begin PBXBuildFile section */
		DE228ECB244176DB000D8AEB /* AppDelegate.swift in Sources */ = {isa = PBXBuildFile; fileRef = DE228ECA244176DB000D8AEB /* AppDelegate.swift */; };
		DE228ECD244176DB000D8AEB /* ContentView.swift in Sources */ = {isa = PBXBuildFile; fileRef = DE228ECC244176DB000D8AEB /* ContentView.swift */; };
		DE228ECF244176DB000D8AEB /* Experience.rcproject in Sources */ = {isa = PBXBuildFile; fileRef = DE228ECE244176DB000D8AEB /* Experience.rcproject */; };
		DE228ED1244176E1000D8AEB /* Assets.xcassets in Resources */ = {isa = PBXBuildFile; fileRef = DE228ED0244176E1000D8AEB /* Assets.xcassets */; };
		DE228ED4244176E1000D8AEB /* Preview Assets.xcassets in Resources */ = {isa = PBXBuildFile; fileRef = DE228ED3244176E1000D8AEB /* Preview Assets.xcassets */; };
		DE228ED7244176E1000D8AEB /* LaunchScreen.storyboard in Resources */ = {isa = PBXBuildFile; fileRef = DE228ED5244176E1000D8AEB /* LaunchScreen.storyboard */; };
/* End PBXBuildFile section */

/* Begin PBXFileReference section */
		DE228EC7244176DB000D8AEB /* Clear.app */ = {isa = PBXFileReference; explicitFileType = wrapper.application; includeInIndex = 0; path = Clear.app; sourceTree = BUILT_PRODUCTS_DIR; };
		DE228ECA244176DB000D8AEB /* AppDelegate.swift */ = {isa = PBXFileReference; lastKnownFileType = sourcecode.swift; path = AppDelegate.swift; sourceTree = "<group>"; };
		DE228ECC244176DB000D8AEB /* ContentView.swift */ = {isa = PBXFileReference; lastKnownFileType = sourcecode.swift; path = ContentView.swift; sourceTree = "<group>"; };
		DE228ECE244176DB000D8AEB /* Experience.rcproject */ = {isa = PBXFileReference; lastKnownFileType = file.rcproject; path = Experience.rcproject; sourceTree = "<group>"; };
		DE228ED0244176E1000D8AEB /* Assets.xcassets */ = {isa = PBXFileReference; lastKnownFileType = folder.assetcatalog; path = Assets.xcassets; sourceTree = "<group>"; };
		DE228ED3244176E1000D8AEB /* Preview Assets.xcassets */ = {isa = PBXFileReference; lastKnownFileType = folder.assetcatalog; path = "Preview Assets.xcassets"; sourceTree = "<group>"; };
		DE228ED6244176E1000D8AEB /* Base */ = {isa = PBXFileReference; lastKnownFileType = file.storyboard; name = Base; path = Base.lproj/LaunchScreen.storyboard; sourceTree = "<group>"; };
		DE228ED8244176E1000D8AEB /* Info.plist */ = {isa = PBXFileReference; lastKnownFileType = text.plist.xml; path = Info.plist; sourceTree = "<group>"; };
/* End PBXFileReference section */

/* Begin PBXFrameworksBuildPhase section */
		DE228EC4244176DB000D8AEB /* Frameworks */ = {
			isa = PBXFrameworksBuildPhase;
			buildActionMask = 2147483647;
			files = (
			);
			runOnlyForDeploymentPostprocessing = 0;
		};
/* End PBXFrameworksBuildPhase section */

/* Begin PBXGroup section */
		DE228EBE244176DB000D8AEB = {
			isa = PBXGroup;
			children = (
				DE228EC9244176DB000D8AEB /* Clear */,
				DE228EC8244176DB000D8AEB /* Products */,
			);
			sourceTree = "<group>";
		};
		DE228EC8244176DB000D8AEB /* Products */ = {
			isa = PBXGroup;
			children = (
				DE228EC7244176DB000D8AEB /* Clear.app */,
			);
			name = Products;
			sourceTree = "<group>";
		};
		DE228EC9244176DB000D8AEB /* Clear */ = {
			isa = PBXGroup;
			children = (
				DE228ECA244176DB000D8AEB /* AppDelegate.swift */,
				DE228ECC244176DB000D8AEB /* ContentView.swift */,
				DE228ECE244176DB000D8AEB /* Experience.rcproject */,
				DE228ED0244176E1000D8AEB /* Assets.xcassets */,
				DE228ED5244176E1000D8AEB /* LaunchScreen.storyboard */,
				DE228ED8244176E1000D8AEB /* Info.plist */,
				DE228ED2244176E1000D8AEB /* Preview Content */,
			);
			path = Clear;
			sourceTree = "<group>";
		};
		DE228ED2244176E1000D8AEB /* Preview Content */ = {
			isa = PBXGroup;
			children = (
				DE228ED3244176E1000D8AEB /* Preview Assets.xcassets */,
			);
			path = "Preview Content";
			sourceTree = "<group>";
		};
/* End PBXGroup section */

/* Begin PBXNativeTarget section */
		DE228EC6244176DB000D8AEB /* Clear */ = {
			isa = PBXNativeTarget;
			buildConfigurationList = DE228EDB244176E1000D8AEB /* Build configuration list for PBXNativeTarget "Clear" */;
			buildPhases = (
				DE228EC3244176DB000D8AEB /* Sources */,
				DE228EC4244176DB000D8AEB /* Frameworks */,
				DE228EC5244176DB000D8AEB /* Resources */,
			);
			buildRules = (
			);
			dependencies = (
			);
			name = Clear;
			productName = Clear;
			productReference = DE228EC7244176DB000D8AEB /* Clear.app */;
			productType = "com.apple.product-type.application";
		};
/* End PBXNativeTarget section */

/* Begin PBXProject section */
		DE228EBF244176DB000D8AEB /* Project object */ = {
			isa = PBXProject;
			attributes = {
				LastSwiftUpdateCheck = 1140;
				LastUpgradeCheck = 1140;
				ORGANIZATIONNAME = hackeer;
				TargetAttributes = {
					DE228EC6244176DB000D8AEB = {
						CreatedOnToolsVersion = 11.4;
					};
				};
			};
			buildConfigurationList = DE228EC2244176DB000D8AEB /* Build configuration list for PBXProject "Clear" */;
			compatibilityVersion = "Xcode 9.3";
			developmentRegion = en;
			hasScannedForEncodings = 0;
			knownRegions = (
				en,
				Base,
			);
			mainGroup = DE228EBE244176DB000D8AEB;
			productRefGroup = DE228EC8244176DB000D8AEB /* Products */;
			projectDirPath = "";
			projectRoot = "";
			targets = (
				DE228EC6244176DB000D8AEB /* Clear */,
			);
		};
/* End PBXProject section */

/* Begin PBXResourcesBuildPhase section */
		DE228EC5244176DB000D8AEB /* Resources */ = {
			isa = PBXResourcesBuildPhase;
			buildActionMask = 2147483647;
			files = (
				DE228ED7244176E1000D8AEB /* LaunchScreen.storyboard in Resources */,
				DE228ED4244176E1000D8AEB /* Preview Assets.xcassets in Resources */,
				DE228ED1244176E1000D8AEB /* Assets.xcassets in Resources */,
			);
			runOnlyForDeploymentPostprocessing = 0;
		};
/* End PBXResourcesBuildPhase section */

/* Begin PBXSourcesBuildPhase section */
		DE228EC3244176DB000D8AEB /* Sources */ = {
			isa = PBXSourcesBuildPhase;
			buildActionMask = 2147483647;
			files = (
				DE228ECD244176DB000D8AEB /* ContentView.swift in Sources */,
				DE228ECB244176DB000D8AEB /* AppDelegate.swift in Sources */,
				DE228ECF244176DB000D8AEB /* Experience.rcproject in Sources */,
			);
			runOnlyForDeploymentPostprocessing = 0;
		};
/* End PBXSourcesBuildPhase section */

/* Begin PBXVariantGroup section */
		DE228ED5244176E1000D8AEB /* LaunchScreen.storyboard */ = {
			isa = PBXVariantGroup;
			children = (
				DE228ED6244176E1000D8AEB /* Base */,
			);
			name = LaunchScreen.storyboard;
			sourceTree = "<group>";
		};
/* End PBXVariantGroup section */

/* Begin XCBuildConfiguration section */
		DE228ED9244176E1000D8AEB /* Debug */ = {
			isa = XCBuildConfiguration;
			buildSettings = {
				ALWAYS_SEARCH_USER_PATHS = NO;
				CLANG_ANALYZER_NONNULL = YES;
				CLANG_ANALYZER_NUMBER_OBJECT_CONVERSION = YES_AGGRESSIVE;
				CLANG_CXX_LANGUAGE_STANDARD = "gnu++14";
				CLANG_CXX_LIBRARY = "libc++";
				CLANG_ENABLE_MODULES = YES;
				CLANG_ENABLE_OBJC_ARC = YES;
				CLANG_ENABLE_OBJC_WEAK = YES;
				CLANG_WARN_BLOCK_CAPTURE_AUTORELEASING = YES;
				CLANG_WARN_BOOL_CONVERSION = YES;
				CLANG_WARN_COMMA = YES;
				CLANG_WARN_CONSTANT_CONVERSION = YES;
				CLANG_WARN_DEPRECATED_OBJC_IMPLEMENTATIONS = YES;
				CLANG_WARN_DIRECT_OBJC_ISA_USAGE = YES_ERROR;
				CLANG_WARN_DOCUMENTATION_COMMENTS = YES;
				CLANG_WARN_EMPTY_BODY = YES;
				CLANG_WARN_ENUM_CONVERSION = YES;
				CLANG_WARN_INFINITE_RECURSION = YES;
				CLANG_WARN_INT_CONVERSION = YES;
				CLANG_WARN_NON_LITERAL_NULL_CONVERSION = YES;
				CLANG_WARN_OBJC_IMPLICIT_RETAIN_SELF = YES;
				CLANG_WARN_OBJC_LITERAL_CONVERSION = YES;
				CLANG_WARN_OBJC_ROOT_CLASS = YES_ERROR;
				CLANG_WARN_RANGE_LOOP_ANALYSIS = YES;
				CLANG_WARN_STRICT_PROTOTYPES = YES;
				CLANG_WARN_SUSPICIOUS_MOVE = YES;
				CLANG_WARN_UNGUARDED_AVAILABILITY = YES_AGGRESSIVE;
				CLANG_WARN_UNREACHABLE_CODE = YES;
				CLANG_WARN__DUPLICATE_METHOD_MATCH = YES;
				COPY_PHASE_STRIP = NO;
				DEBUG_INFORMATION_FORMAT = dwarf;
				ENABLE_STRICT_OBJC_MSGSEND = YES;
				ENABLE_TESTABILITY = YES;
				GCC_C_LANGUAGE_STANDARD = gnu11;
				GCC_DYNAMIC_NO_PIC = NO;
				GCC_NO_COMMON_BLOCKS = YES;
				GCC_OPTIMIZATION_LEVEL = 0;
				GCC_PREPROCESSOR_DEFINITIONS = (
					"DEBUG=1",
					"$(inherited)",
				);
				GCC_WARN_64_TO_32_BIT_CONVERSION = YES;
				GCC_WARN_ABOUT_RETURN_TYPE = YES_ERROR;
				GCC_WARN_UNDECLARED_SELECTOR = YES;
				GCC_WARN_UNINITIALIZED_AUTOS = YES_AGGRESSIVE;
				GCC_WARN_UNUSED_FUNCTION = YES;
				GCC_WARN_UNUSED_VARIABLE = YES;
				IPHONEOS_DEPLOYMENT_TARGET = 13.4;
				MTL_ENABLE_DEBUG_INFO = INCLUDE_SOURCE;
				MTL_FAST_MATH = YES;
				ONLY_ACTIVE_ARCH = YES;
				SDKROOT = iphoneos;
				SWIFT_ACTIVE_COMPILATION_CONDITIONS = DEBUG;
				SWIFT_OPTIMIZATION_LEVEL = "-Onone";
			};
			name = Debug;
		};
		DE228EDA244176E1000D8AEB /* Release */ = {
			isa = XCBuildConfiguration;
			buildSettings = {
				ALWAYS_SEARCH_USER_PATHS = NO;
				CLANG_ANALYZER_NONNULL = YES;
				CLANG_ANALYZER_NUMBER_OBJECT_CONVERSION = YES_AGGRESSIVE;
				CLANG_CXX_LANGUAGE_STANDARD = "gnu++14";
				CLANG_CXX_LIBRARY = "libc++";
				CLANG_ENABLE_MODULES = YES;
				CLANG_ENABLE_OBJC_ARC = YES;
				CLANG_ENABLE_OBJC_WEAK = YES;
				CLANG_WARN_BLOCK_CAPTURE_AUTORELEASING = YES;
				CLANG_WARN_BOOL_CONVERSION = YES;
				CLANG_WARN_COMMA = YES;
				CLANG_WARN_CONSTANT_CONVERSION = YES;
				CLANG_WARN_DEPRECATED_OBJC_IMPLEMENTATIONS = YES;
				CLANG_WARN_DIRECT_OBJC_ISA_USAGE = YES_ERROR;
				CLANG_WARN_DOCUMENTATION_COMMENTS = YES;
				CLANG_WARN_EMPTY_BODY = YES;
				CLANG_WARN_ENUM_CONVERSION = YES;
				CLANG_WARN_INFINITE_RECURSION = YES;
				CLANG_WARN_INT_CONVERSION = YES;
				CLANG_WARN_NON_LITERAL_NULL_CONVERSION = YES;
				CLANG_WARN_OBJC_IMPLICIT_RETAIN_SELF = YES;
				CLANG_WARN_OBJC_LITERAL_CONVERSION = YES;
				CLANG_WARN_OBJC_ROOT_CLASS = YES_ERROR;
				CLANG_WARN_RANGE_LOOP_ANALYSIS = YES;
				CLANG_WARN_STRICT_PROTOTYPES = YES;
				CLANG_WARN_SUSPICIOUS_MOVE = YES;
				CLANG_WARN_UNGUARDED_AVAILABILITY = YES_AGGRESSIVE;
				CLANG_WARN_UNREACHABLE_CODE = YES;
				CLANG_WARN__DUPLICATE_METHOD_MATCH = YES;
				COPY_PHASE_STRIP = NO;
				DEBUG_INFORMATION_FORMAT = "dwarf-with-dsym";
				ENABLE_NS_ASSERTIONS = NO;
				ENABLE_STRICT_OBJC_MSGSEND = YES;
				GCC_C_LANGUAGE_STANDARD = gnu11;
				GCC_NO_COMMON_BLOCKS = YES;
				GCC_WARN_64_TO_32_BIT_CONVERSION = YES;
				GCC_WARN_ABOUT_RETURN_TYPE = YES_ERROR;
				GCC_WARN_UNDECLARED_SELECTOR = YES;
				GCC_WARN_UNINITIALIZED_AUTOS = YES_AGGRESSIVE;
				GCC_WARN_UNUSED_FUNCTION = YES;
				GCC_WARN_UNUSED_VARIABLE = YES;
				IPHONEOS_DEPLOYMENT_TARGET = 13.4;
				MTL_ENABLE_DEBUG_INFO = NO;
				MTL_FAST_MATH = YES;
				SDKROOT = iphoneos;
				SWIFT_COMPILATION_MODE = wholemodule;
				SWIFT_OPTIMIZATION_LEVEL = "-O";
				VALIDATE_PRODUCT = YES;
			};
			name = Release;
		};
		DE228EDC244176E1000D8AEB /* Debug */ = {
			isa = XCBuildConfiguration;
			buildSettings = {
				ASSETCATALOG_COMPILER_APPICON_NAME = AppIcon;
				CODE_SIGN_STYLE = Automatic;
				DEVELOPMENT_ASSET_PATHS = "\"Clear/Preview Content\"";
				DEVELOPMENT_TEAM = 8FC9TVNWF7;
				ENABLE_PREVIEWS = YES;
				INFOPLIST_FILE = Clear/Info.plist;
				LD_RUNPATH_SEARCH_PATHS = (
					"$(inherited)",
					"@executable_path/Frameworks",
				);
				PRODUCT_BUNDLE_IDENTIFIER = com.hackeer.Clear;
				PRODUCT_NAME = "$(TARGET_NAME)";
				SWIFT_VERSION = 5.0;
				TARGETED_DEVICE_FAMILY = "1,2";
			};
			name = Debug;
		};
		DE228EDD244176E1000D8AEB /* Release */ = {
			isa = XCBuildConfiguration;
			buildSettings = {
				ASSETCATALOG_COMPILER_APPICON_NAME = AppIcon;
				CODE_SIGN_STYLE = Automatic;
				DEVELOPMENT_ASSET_PATHS = "\"Clear/Preview Content\"";
				DEVELOPMENT_TEAM = 8FC9TVNWF7;
				ENABLE_PREVIEWS = YES;
				INFOPLIST_FILE = Clear/Info.plist;
				LD_RUNPATH_SEARCH_PATHS = (
					"$(inherited)",
					"@executable_path/Frameworks",
				);
				PRODUCT_BUNDLE_IDENTIFIER = com.hackeer.Clear;
				PRODUCT_NAME = "$(TARGET_NAME)";
				SWIFT_VERSION = 5.0;
				TARGETED_DEVICE_FAMILY = "1,2";
			};
			name = Release;
		};
/* End XCBuildConfiguration section */

/* Begin XCConfigurationList section */
		DE228EC2244176DB000D8AEB /* Build configuration list for PBXProject "Clear" */ = {
			isa = XCConfigurationList;
			buildConfigurations = (
				DE228ED9244176E1000D8AEB /* Debug */,
				DE228EDA244176E1000D8AEB /* Release */,
			);
			defaultConfigurationIsVisible = 0;
			defaultConfigurationName = Release;
		};
		DE228EDB244176E1000D8AEB /* Build configuration list for PBXNativeTarget "Clear" */ = {
			isa = XCConfigurationList;
			buildConfigurations = (
				DE228EDC244176E1000D8AEB /* Debug */,
				DE228EDD244176E1000D8AEB /* Release */,
			);
			defaultConfigurationIsVisible = 0;
			defaultConfigurationName = Release;
		};
/* End XCConfigurationList section */
	};
	rootObject = DE228EBF244176DB000D8AEB /* Project object */;
}
